
Microsoft Visual Studio Solution File, Format Version 12.00
# Visual Studio 15
VisualStudioVersion = 15.0.28010.2026
MinimumVisualStudioVersion = 10.0.40219.1
Project("{FAE04EC0-301F-11D3-BF4B-00C04F79EFBC}") = "Task_1", "PracticeTasks_1\Task_1.csproj", "{6FB85A47-5595-4967-86A9-0AB8361A3655}"
EndProject
Project("{FAE04EC0-301F-11D3-BF4B-00C04F79EFBC}") = "Task_2", "Task_2\Task_2.csproj", "{E6E0DCC8-C994-4D49-853F-7525EAFAC8DA}"
EndProject
Project("{FAE04EC0-301F-11D3-BF4B-00C04F79EFBC}") = "Task_3", "Task_3\Task_3.csproj", "{E09D2345-0A4C-4154-8211-A94AB7203F22}"
EndProject
Project("{FAE04EC0-301F-11D3-BF4B-00C04F79EFBC}") = "Tasks", "Tasks\Tasks.csproj", "{242EB930-12A3-4717-A31D-8BDD5E0C3B4B}"
EndProject
Project("{FAE04EC0-301F-11D3-BF4B-00C04F79EFBC}") = "Task_4", "Task_4\Task_4.csproj", "{6A0FDBA8-FB47-42B2-8A59-E18D95E64AC2}"
EndProject
Project("{FAE04EC0-301F-11D3-BF4B-00C04F79EFBC}") = "Task_5", "Task_5\Task_5.csproj", "{9726BB00-6AB6-4FF2-9AB8-B3967CAED109}"
EndProject
Project("{FAE04EC0-301F-11D3-BF4B-00C04F79EFBC}") = "Task_6", "Task_6\Task_6.csproj", "{9AAF6DEF-F7A1-45AC-9C67-2E0A04804BC0}"
EndProject
Project("{FAE04EC0-301F-11D3-BF4B-00C04F79EFBC}") = "Task_7", "Task_7\Task_7.csproj", "{2FAEA75C-9997-4DF6-880F-F355ECFD1FB2}"
EndProject
Project("{FAE04EC0-301F-11D3-BF4B-00C04F79EFBC}") = "Task_8", "Task_8\Task_8.csproj", "{B74E0BF7-D11D-4B1A-8E53-7E5DD1DB7FF6}"
EndProject
Project("{FAE04EC0-301F-11D3-BF4B-00C04F79EFBC}") = "Task_9", "Task_9\Task_9.csproj", "{179E4A22-53DE-4C7B-95C4-30B9ED5F08F7}"
EndProject
Project("{FAE04EC0-301F-11D3-BF4B-00C04F79EFBC}") = "Task_10", "Task_10\Task_10.csproj", "{FAED3CA0-00FB-4453-9A50-79D54F4C39B0}"
EndProject
Project("{2150E333-8FDC-42A3-9474-1A3956D46DE8}") = "TasksBasic", "TasksBasic", "{EB0E6E86-F15D-4DA5-B050-F3131D9BFE10}"
EndProject
Project("{FAE04EC0-301F-11D3-BF4B-00C04F79EFBC}") = "TasksOOP", "TasksOOP\TasksOOP.csproj", "{5CFE0B69-1173-4282-9106-9C1C89B9962B}"
EndProject
Global
	GlobalSection(SolutionConfigurationPlatforms) = preSolution
		Debug|Any CPU = Debug|Any CPU
		Release|Any CPU = Release|Any CPU
	EndGlobalSection
	GlobalSection(ProjectConfigurationPlatforms) = postSolution
		{6FB85A47-5595-4967-86A9-0AB8361A3655}.Debug|Any CPU.ActiveCfg = Debug|Any CPU
		{6FB85A47-5595-4967-86A9-0AB8361A3655}.Debug|Any CPU.Build.0 = Debug|Any CPU
		{6FB85A47-5595-4967-86A9-0AB8361A3655}.Release|Any CPU.ActiveCfg = Release|Any CPU
		{6FB85A47-5595-4967-86A9-0AB8361A3655}.Release|Any CPU.Build.0 = Release|Any CPU
		{E6E0DCC8-C994-4D49-853F-7525EAFAC8DA}.Debug|Any CPU.ActiveCfg = Debug|Any CPU
		{E6E0DCC8-C994-4D49-853F-7525EAFAC8DA}.Debug|Any CPU.Build.0 = Debug|Any CPU
		{E6E0DCC8-C994-4D49-853F-7525EAFAC8DA}.Release|Any CPU.ActiveCfg = Release|Any CPU
		{E6E0DCC8-C994-4D49-853F-7525EAFAC8DA}.Release|Any CPU.Build.0 = Release|Any CPU
		{E09D2345-0A4C-4154-8211-A94AB7203F22}.Debug|Any CPU.ActiveCfg = Debug|Any CPU
		{E09D2345-0A4C-4154-8211-A94AB7203F22}.Debug|Any CPU.Build.0 = Debug|Any CPU
		{E09D2345-0A4C-4154-8211-A94AB7203F22}.Release|Any CPU.ActiveCfg = Release|Any CPU
		{E09D2345-0A4C-4154-8211-A94AB7203F22}.Release|Any CPU.Build.0 = Release|Any CPU
		{242EB930-12A3-4717-A31D-8BDD5E0C3B4B}.Debug|Any CPU.ActiveCfg = Debug|Any CPU
		{242EB930-12A3-4717-A31D-8BDD5E0C3B4B}.Debug|Any CPU.Build.0 = Debug|Any CPU
		{242EB930-12A3-4717-A31D-8BDD5E0C3B4B}.Release|Any CPU.ActiveCfg = Release|Any CPU
		{242EB930-12A3-4717-A31D-8BDD5E0C3B4B}.Release|Any CPU.Build.0 = Release|Any CPU
		{6A0FDBA8-FB47-42B2-8A59-E18D95E64AC2}.Debug|Any CPU.ActiveCfg = Debug|Any CPU
		{6A0FDBA8-FB47-42B2-8A59-E18D95E64AC2}.Debug|Any CPU.Build.0 = Debug|Any CPU
		{6A0FDBA8-FB47-42B2-8A59-E18D95E64AC2}.Release|Any CPU.ActiveCfg = Release|Any CPU
		{6A0FDBA8-FB47-42B2-8A59-E18D95E64AC2}.Release|Any CPU.Build.0 = Release|Any CPU
		{9726BB00-6AB6-4FF2-9AB8-B3967CAED109}.Debug|Any CPU.ActiveCfg = Debug|Any CPU
		{9726BB00-6AB6-4FF2-9AB8-B3967CAED109}.Debug|Any CPU.Build.0 = Debug|Any CPU
		{9726BB00-6AB6-4FF2-9AB8-B3967CAED109}.Release|Any CPU.ActiveCfg = Release|Any CPU
		{9726BB00-6AB6-4FF2-9AB8-B3967CAED109}.Release|Any CPU.Build.0 = Release|Any CPU
		{9AAF6DEF-F7A1-45AC-9C67-2E0A04804BC0}.Debug|Any CPU.ActiveCfg = Debug|Any CPU
		{9AAF6DEF-F7A1-45AC-9C67-2E0A04804BC0}.Debug|Any CPU.Build.0 = Debug|Any CPU
		{9AAF6DEF-F7A1-45AC-9C67-2E0A04804BC0}.Release|Any CPU.ActiveCfg = Release|Any CPU
		{9AAF6DEF-F7A1-45AC-9C67-2E0A04804BC0}.Release|Any CPU.Build.0 = Release|Any CPU
		{2FAEA75C-9997-4DF6-880F-F355ECFD1FB2}.Debug|Any CPU.ActiveCfg = Debug|Any CPU
		{2FAEA75C-9997-4DF6-880F-F355ECFD1FB2}.Debug|Any CPU.Build.0 = Debug|Any CPU
		{2FAEA75C-9997-4DF6-880F-F355ECFD1FB2}.Release|Any CPU.ActiveCfg = Release|Any CPU
		{2FAEA75C-9997-4DF6-880F-F355ECFD1FB2}.Release|Any CPU.Build.0 = Release|Any CPU
		{B74E0BF7-D11D-4B1A-8E53-7E5DD1DB7FF6}.Debug|Any CPU.ActiveCfg = Debug|Any CPU
		{B74E0BF7-D11D-4B1A-8E53-7E5DD1DB7FF6}.Debug|Any CPU.Build.0 = Debug|Any CPU
		{B74E0BF7-D11D-4B1A-8E53-7E5DD1DB7FF6}.Release|Any CPU.ActiveCfg = Release|Any CPU
		{B74E0BF7-D11D-4B1A-8E53-7E5DD1DB7FF6}.Release|Any CPU.Build.0 = Release|Any CPU
		{179E4A22-53DE-4C7B-95C4-30B9ED5F08F7}.Debug|Any CPU.ActiveCfg = Debug|Any CPU
		{179E4A22-53DE-4C7B-95C4-30B9ED5F08F7}.Debug|Any CPU.Build.0 = Debug|Any CPU
		{179E4A22-53DE-4C7B-95C4-30B9ED5F08F7}.Release|Any CPU.ActiveCfg = Release|Any CPU
		{179E4A22-53DE-4C7B-95C4-30B9ED5F08F7}.Release|Any CPU.Build.0 = Release|Any CPU
		{FAED3CA0-00FB-4453-9A50-79D54F4C39B0}.Debug|Any CPU.ActiveCfg = Debug|Any CPU
		{FAED3CA0-00FB-4453-9A50-79D54F4C39B0}.Debug|Any CPU.Build.0 = Debug|Any CPU
		{FAED3CA0-00FB-4453-9A50-79D54F4C39B0}.Release|Any CPU.ActiveCfg = Release|Any CPU
		{FAED3CA0-00FB-4453-9A50-79D54F4C39B0}.Release|Any CPU.Build.0 = Release|Any CPU
		{5CFE0B69-1173-4282-9106-9C1C89B9962B}.Debug|Any CPU.ActiveCfg = Debug|Any CPU
		{5CFE0B69-1173-4282-9106-9C1C89B9962B}.Debug|Any CPU.Build.0 = Debug|Any CPU
		{5CFE0B69-1173-4282-9106-9C1C89B9962B}.Release|Any CPU.ActiveCfg = Release|Any CPU
		{5CFE0B69-1173-4282-9106-9C1C89B9962B}.Release|Any CPU.Build.0 = Release|Any CPU
	EndGlobalSection
	GlobalSection(SolutionProperties) = preSolution
		HideSolutionNode = FALSE
	EndGlobalSection
	GlobalSection(NestedProjects) = preSolution
		{6FB85A47-5595-4967-86A9-0AB8361A3655} = {EB0E6E86-F15D-4DA5-B050-F3131D9BFE10}
		{E6E0DCC8-C994-4D49-853F-7525EAFAC8DA} = {EB0E6E86-F15D-4DA5-B050-F3131D9BFE10}
		{E09D2345-0A4C-4154-8211-A94AB7203F22} = {EB0E6E86-F15D-4DA5-B050-F3131D9BFE10}
		{6A0FDBA8-FB47-42B2-8A59-E18D95E64AC2} = {EB0E6E86-F15D-4DA5-B050-F3131D9BFE10}
		{9726BB00-6AB6-4FF2-9AB8-B3967CAED109} = {EB0E6E86-F15D-4DA5-B050-F3131D9BFE10}
		{9AAF6DEF-F7A1-45AC-9C67-2E0A04804BC0} = {EB0E6E86-F15D-4DA5-B050-F3131D9BFE10}
		{2FAEA75C-9997-4DF6-880F-F355ECFD1FB2} = {EB0E6E86-F15D-4DA5-B050-F3131D9BFE10}
		{B74E0BF7-D11D-4B1A-8E53-7E5DD1DB7FF6} = {EB0E6E86-F15D-4DA5-B050-F3131D9BFE10}
		{179E4A22-53DE-4C7B-95C4-30B9ED5F08F7} = {EB0E6E86-F15D-4DA5-B050-F3131D9BFE10}
		{FAED3CA0-00FB-4453-9A50-79D54F4C39B0} = {EB0E6E86-F15D-4DA5-B050-F3131D9BFE10}
	EndGlobalSection
	GlobalSection(ExtensibilityGlobals) = postSolution
		SolutionGuid = {B4792E57-0DED-4031-B815-03B384E4411D}
	EndGlobalSection
EndGlobal
